# This file is autogenerated, do not edit; changes may be undone by the next 'dep ensure'.


[[projects]]
  branch = "master"
  name = "github.com/bitrise-io/go-utils"
  packages = ["colorstring","command","errorutil","fileutil","log","pathutil","pkcs12","pkcs12/internal/rc2","progress"]
  revision = "3cd2fc1c516caded20f67b53428cb793a82ad454"

[[projects]]
  branch = "master"
  name = "github.com/bitrise-io/goinp"
  packages = ["goinp"]
  revision = "f451b19ba4d087d8272d411ad91af5f4218fd517"

[[projects]]
  branch = "master"
  name = "github.com/bitrise-tools/go-xamarin"
  packages = ["analyzers/project","analyzers/solution","constants","utility"]
  revision = "4e4358ad04fbcad59be7ccca9d6bb7fada90fd89"

[[projects]]
  branch = "master"
  name = "github.com/bitrise-tools/go-xcode"
  packages = ["certificateutil","export","exportoptions","models","plistutil","profileutil","utility","xcarchive"]
  revision = "c23fa74e7b04374fbff484fd12ba87cf64cd89e1"

[[projects]]
  name = "github.com/davecgh/go-spew"
  packages = ["spew"]
  revision = "346938d642f2ec3594ed81d874461961cd0faa76"
  version = "v1.1.0"

[[projects]]
  branch = "master"
  name = "github.com/fullsailor/pkcs7"
  packages = ["."]
  revision = "a009d8d7de53d9503c797cb8ec66fa3b21eed209"

[[projects]]
  name = "github.com/inconshreveable/mousetrap"
  packages = ["."]
  revision = "76626ae9c91c4f2a10f34cad8ce83ea42c93bb75"
  version = "v1.0"

[[projects]]
  branch = "master"
  name = "github.com/pkg/errors"
  packages = ["."]
  revision = "f15c970de5b76fac0b59abb32d62c17cc7bed265"

[[projects]]
  name = "github.com/pmezard/go-difflib"
  packages = ["difflib"]
  revision = "792786c7400a136282c1664665ae0a8db921c6c2"
  version = "v1.0.0"

[[projects]]
  name = "github.com/ryanuber/go-glob"
  packages = ["."]
  revision = "572520ed46dbddaed19ea3d9541bdd0494163693"
  version = "v0.1"

[[projects]]
  branch = "master"
  name = "github.com/spf13/cobra"
  packages = ["."]
  revision = "1be1d2841c773c01bee8289f55f7463b6e2c2539"

[[projects]]
  name = "github.com/spf13/pflag"
  packages = ["."]
  revision = "e57e3eeb33f795204c1ca35f56c44f83227c6e66"
  version = "v1.0.0"

[[projects]]
  branch = "master"
  name = "github.com/stretchr/testify"
  packages = ["assert","require"]
  revision = "2aa2c176b9dab406a6970f6a55f513e8a8c8b18f"

[[projects]]
  branch = "master"
  name = "golang.org/x/crypto"
  packages = ["ssh/terminal"]
  revision = "b080dc9a8c480b08e698fb1219160d598526310f"

[[projects]]
  branch = "master"
  name = "golang.org/x/sys"
  packages = ["unix","windows"]
  revision = "a13efeb2fd213cf4be7227992aa54519af3b2ac0"

[[projects]]
  branch = "master"
  name = "howett.net/plist"
  packages = ["."]
  revision = "233df3c4f07b0c562da0e8a6fb850681ac49bb90"

[solve-meta]
  analyzer-name = "dep"
  analyzer-version = 1
  inputs-digest = "2fd07abdfd6d452f1a81b4f8f7381557c47ddf36b29954a9998420e7c346439a"
  solver-name = "gps-cdcl"
  solver-version = 1
